// !$*UTF8*$!
{
	archiveVersion = 1;
	classes = {
	};
	objectVersion = 46;
	objects = {

/* Begin PBXBuildFile section */
		9561AC921C62C455002A4BC6 /* AppDelegate.m in Sources */ = {isa = PBXBuildFile; fileRef = 9561AC911C62C455002A4BC6 /* AppDelegate.m */; };
		9561AC951C62C455002A4BC6 /* main.m in Sources */ = {isa = PBXBuildFile; fileRef = 9561AC941C62C455002A4BC6 /* main.m */; };
		9561AC981C62C455002A4BC6 /* ViewController.m in Sources */ = {isa = PBXBuildFile; fileRef = 9561AC971C62C455002A4BC6 /* ViewController.m */; };
		9561AC9A1C62C455002A4BC6 /* Assets.xcassets in Resources */ = {isa = PBXBuildFile; fileRef = 9561AC991C62C455002A4BC6 /* Assets.xcassets */; };
		9561AC9D1C62C455002A4BC6 /* Main.storyboard in Resources */ = {isa = PBXBuildFile; fileRef = 9561AC9B1C62C455002A4BC6 /* Main.storyboard */; };
		9561ACAE1C62C628002A4BC6 /* Mapbox.framework in Frameworks */ = {isa = PBXBuildFile; fileRef = 9561ACA61C62C48B002A4BC6 /* Mapbox.framework */; };
		9561ACB01C62C634002A4BC6 /* Mapbox.framework in CopyFiles */ = {isa = PBXBuildFile; fileRef = 9561ACA61C62C48B002A4BC6 /* Mapbox.framework */; settings = {ATTRIBUTES = (CodeSignOnCopy, RemoveHeadersOnCopy, ); }; };
		95F134FA1C63355900D0151A /* WindowController.m in Sources */ = {isa = PBXBuildFile; fileRef = 95F134F91C63355900D0151A /* WindowController.m */; };
/* End PBXBuildFile section */

/* Begin PBXCopyFilesBuildPhase section */
		9561ACAF1C62C62E002A4BC6 /* CopyFiles */ = {
			isa = PBXCopyFilesBuildPhase;
			buildActionMask = 2147483647;
			dstPath = "";
			dstSubfolderSpec = 10;
			files = (
				9561ACB01C62C634002A4BC6 /* Mapbox.framework in CopyFiles */,
			);
			runOnlyForDeploymentPostprocessing = 0;
		};
/* End PBXCopyFilesBuildPhase section */

/* Begin PBXFileReference section */
		9561AC8D1C62C455002A4BC6 /* MapboxDemo.app */ = {isa = PBXFileReference; explicitFileType = wrapper.application; includeInIndex = 0; path = MapboxDemo.app; sourceTree = BUILT_PRODUCTS_DIR; };
		9561AC901C62C455002A4BC6 /* AppDelegate.h */ = {isa = PBXFileReference; lastKnownFileType = sourcecode.c.h; path = AppDelegate.h; sourceTree = "<group>"; };
		9561AC911C62C455002A4BC6 /* AppDelegate.m */ = {isa = PBXFileReference; lastKnownFileType = sourcecode.c.objc; path = AppDelegate.m; sourceTree = "<group>"; };
		9561AC941C62C455002A4BC6 /* main.m */ = {isa = PBXFileReference; lastKnownFileType = sourcecode.c.objc; path = main.m; sourceTree = "<group>"; };
		9561AC961C62C455002A4BC6 /* ViewController.h */ = {isa = PBXFileReference; lastKnownFileType = sourcecode.c.h; path = ViewController.h; sourceTree = "<group>"; };
		9561AC971C62C455002A4BC6 /* ViewController.m */ = {isa = PBXFileReference; lastKnownFileType = sourcecode.c.objc; path = ViewController.m; sourceTree = "<group>"; };
		9561AC991C62C455002A4BC6 /* Assets.xcassets */ = {isa = PBXFileReference; lastKnownFileType = folder.assetcatalog; path = Assets.xcassets; sourceTree = "<group>"; };
		9561AC9C1C62C455002A4BC6 /* Base */ = {isa = PBXFileReference; lastKnownFileType = file.storyboard; name = Base; path = Base.lproj/Main.storyboard; sourceTree = "<group>"; };
		9561AC9E1C62C455002A4BC6 /* Info.plist */ = {isa = PBXFileReference; lastKnownFileType = text.plist.xml; path = Info.plist; sourceTree = "<group>"; };
		9561ACA61C62C48B002A4BC6 /* Mapbox.framework */ = {isa = PBXFileReference; lastKnownFileType = wrapper.framework; path = Mapbox.framework; sourceTree = "<group>"; };
		95F134F81C63355900D0151A /* WindowController.h */ = {isa = PBXFileReference; fileEncoding = 4; lastKnownFileType = sourcecode.c.h; path = WindowController.h; sourceTree = "<group>"; };
		95F134F91C63355900D0151A /* WindowController.m */ = {isa = PBXFileReference; fileEncoding = 4; lastKnownFileType = sourcecode.c.objc; path = WindowController.m; sourceTree = "<group>"; };
/* End PBXFileReference section */

/* Begin PBXFrameworksBuildPhase section */
		9561AC8A1C62C455002A4BC6 /* Frameworks */ = {
			isa = PBXFrameworksBuildPhase;
			buildActionMask = 2147483647;
			files = (
				9561ACAE1C62C628002A4BC6 /* Mapbox.framework in Frameworks */,
			);
			runOnlyForDeploymentPostprocessing = 0;
		};
/* End PBXFrameworksBuildPhase section */

/* Begin PBXGroup section */
		9561AC841C62C455002A4BC6 = {
			isa = PBXGroup;
			children = (
				9561AC8F1C62C455002A4BC6 /* MapboxDemo */,
				9561AC8E1C62C455002A4BC6 /* Products */,
			);
			sourceTree = "<group>";
		};
		9561AC8E1C62C455002A4BC6 /* Products */ = {
			isa = PBXGroup;
			children = (
				9561AC8D1C62C455002A4BC6 /* MapboxDemo.app */,
			);
			name = Products;
			sourceTree = "<group>";
		};
		9561AC8F1C62C455002A4BC6 /* MapboxDemo */ = {
			isa = PBXGroup;
			children = (
				95F134FB1C63839A00D0151A /* Frameworks */,
				9561ACA41C62C460002A4BC6 /* Sources */,
				9561ACA51C62C478002A4BC6 /* Resources */,
				9561AC931C62C455002A4BC6 /* Supporting Files */,
			);
			path = MapboxDemo;
			sourceTree = "<group>";
		};
		9561AC931C62C455002A4BC6 /* Supporting Files */ = {
			isa = PBXGroup;
			children = (
				9561AC9E1C62C455002A4BC6 /* Info.plist */,
				9561AC941C62C455002A4BC6 /* main.m */,
			);
			name = "Supporting Files";
			sourceTree = "<group>";
		};
		9561ACA41C62C460002A4BC6 /* Sources */ = {
			isa = PBXGroup;
			children = (
				9561AC901C62C455002A4BC6 /* AppDelegate.h */,
				9561AC911C62C455002A4BC6 /* AppDelegate.m */,
				9561AC961C62C455002A4BC6 /* ViewController.h */,
				9561AC971C62C455002A4BC6 /* ViewController.m */,
				95F134F81C63355900D0151A /* WindowController.h */,
				95F134F91C63355900D0151A /* WindowController.m */,
			);
			name = Sources;
			sourceTree = "<group>";
		};
		9561ACA51C62C478002A4BC6 /* Resources */ = {
			isa = PBXGroup;
			children = (
				9561AC991C62C455002A4BC6 /* Assets.xcassets */,
				9561AC9B1C62C455002A4BC6 /* Main.storyboard */,
			);
			name = Resources;
			sourceTree = "<group>";
		};
		95F134FB1C63839A00D0151A /* Frameworks */ = {
			isa = PBXGroup;
			children = (
				9561ACA61C62C48B002A4BC6 /* Mapbox.framework */,
			);
			name = Frameworks;
			sourceTree = "<group>";
		};
/* End PBXGroup section */

/* Begin PBXNativeTarget section */
		9561AC8C1C62C455002A4BC6 /* MapboxDemo */ = {
			isa = PBXNativeTarget;
			buildConfigurationList = 9561ACA11C62C455002A4BC6 /* Build configuration list for PBXNativeTarget "MapboxDemo" */;
			buildPhases = (
				9561AC891C62C455002A4BC6 /* Sources */,
				9561AC8A1C62C455002A4BC6 /* Frameworks */,
				9561AC8B1C62C455002A4BC6 /* Resources */,
				9561ACAF1C62C62E002A4BC6 /* CopyFiles */,
			);
			buildRules = (
			);
			dependencies = (
			);
			name = MapboxDemo;
			productName = MapboxDemo;
			productReference = 9561AC8D1C62C455002A4BC6 /* MapboxDemo.app */;
			productType = "com.apple.product-type.application";
		};
/* End PBXNativeTarget section */

/* Begin PBXProject section */
		9561AC851C62C455002A4BC6 /* Project object */ = {
			isa = PBXProject;
			attributes = {
				LastUpgradeCheck = 0720;
				ORGANIZATIONNAME = "Matteo Pacini";
				TargetAttributes = {
					9561AC8C1C62C455002A4BC6 = {
						CreatedOnToolsVersion = 7.2.1;
					};
				};
			};
			buildConfigurationList = 9561AC881C62C455002A4BC6 /* Build configuration list for PBXProject "MapboxDemo" */;
			compatibilityVersion = "Xcode 3.2";
			developmentRegion = English;
			hasScannedForEncodings = 0;
			knownRegions = (
				en,
				Base,
			);
			mainGroup = 9561AC841C62C455002A4BC6;
			productRefGroup = 9561AC8E1C62C455002A4BC6 /* Products */;
			projectDirPath = "";
			projectRoot = "";
			targets = (
				9561AC8C1C62C455002A4BC6 /* MapboxDemo */,
			);
		};
/* End PBXProject section */

/* Begin PBXResourcesBuildPhase section */
		9561AC8B1C62C455002A4BC6 /* Resources */ = {
			isa = PBXResourcesBuildPhase;
			buildActionMask = 2147483647;
			files = (
				9561AC9A1C62C455002A4BC6 /* Assets.xcassets in Resources */,
				9561AC9D1C62C455002A4BC6 /* Main.storyboard in Resources */,
			);
			runOnlyForDeploymentPostprocessing = 0;
		};
/* End PBXResourcesBuildPhase section */

/* Begin PBXSourcesBuildPhase section */
		9561AC891C62C455002A4BC6 /* Sources */ = {
			isa = PBXSourcesBuildPhase;
			buildActionMask = 2147483647;
			files = (
				9561AC981C62C455002A4BC6 /* ViewController.m in Sources */,
				95F134FA1C63355900D0151A /* WindowController.m in Sources */,
				9561AC951C62C455002A4BC6 /* main.m in Sources */,
				9561AC921C62C455002A4BC6 /* AppDelegate.m in Sources */,
			);
			runOnlyForDeploymentPostprocessing = 0;
		};
/* End PBXSourcesBuildPhase section */

/* Begin PBXVariantGroup section */
		9561AC9B1C62C455002A4BC6 /* Main.storyboard */ = {
			isa = PBXVariantGroup;
			children = (
				9561AC9C1C62C455002A4BC6 /* Base */,
			);
			name = Main.storyboard;
			sourceTree = "<group>";
		};
/* End PBXVariantGroup section */

/* Begin XCBuildConfiguration section */
		9561AC9F1C62C455002A4BC6 /* Debug */ = {
			isa = XCBuildConfiguration;
			buildSettings = {
				ALWAYS_SEARCH_USER_PATHS = NO;
				CLANG_CXX_LANGUAGE_STANDARD = "gnu++0x";
				CLANG_CXX_LIBRARY = "libc++";
				CLANG_ENABLE_MODULES = YES;
				CLANG_ENABLE_OBJC_ARC = YES;
				CLANG_WARN_BOOL_CONVERSION = YES;
				CLANG_WARN_CONSTANT_CONVERSION = YES;
				CLANG_WARN_DIRECT_OBJC_ISA_USAGE = YES_ERROR;
				CLANG_WARN_EMPTY_BODY = YES;
				CLANG_WARN_ENUM_CONVERSION = YES;
				CLANG_WARN_INT_CONVERSION = YES;
				CLANG_WARN_OBJC_ROOT_CLASS = YES_ERROR;
				CLANG_WARN_UNREACHABLE_CODE = YES;
				CLANG_WARN__DUPLICATE_METHOD_MATCH = YES;
				CODE_SIGN_IDENTITY = "-";
				COPY_PHASE_STRIP = NO;
				DEBUG_INFORMATION_FORMAT = dwarf;
				ENABLE_STRICT_OBJC_MSGSEND = YES;
				ENABLE_TESTABILITY = YES;
				GCC_C_LANGUAGE_STANDARD = gnu99;
				GCC_DYNAMIC_NO_PIC = NO;
				GCC_NO_COMMON_BLOCKS = YES;
				GCC_OPTIMIZATION_LEVEL = 0;
				GCC_PREPROCESSOR_DEFINITIONS = (
					"DEBUG=1",
					"$(inherited)",
				);
				GCC_WARN_64_TO_32_BIT_CONVERSION = YES;
				GCC_WARN_ABOUT_RETURN_TYPE = YES_ERROR;
				GCC_WARN_UNDECLARED_SELECTOR = YES;
				GCC_WARN_UNINITIALIZED_AUTOS = YES_AGGRESSIVE;
				GCC_WARN_UNUSED_FUNCTION = YES;
				GCC_WARN_UNUSED_VARIABLE = YES;
				MACOSX_DEPLOYMENT_TARGET = 10.11;
				MTL_ENABLE_DEBUG_INFO = YES;
				ONLY_ACTIVE_ARCH = YES;
				SDKROOT = macosx;
			};
			name = Debug;
		};
		9561ACA01C62C455002A4BC6 /* Release */ = {
			isa = XCBuildConfiguration;
			buildSettings = {
				ALWAYS_SEARCH_USER_PATHS = NO;
				CLANG_CXX_LANGUAGE_STANDARD = "gnu++0x";
				CLANG_CXX_LIBRARY = "libc++";
				CLANG_ENABLE_MODULES = YES;
				CLANG_ENABLE_OBJC_ARC = YES;
				CLANG_WARN_BOOL_CONVERSION = YES;
				CLANG_WARN_CONSTANT_CONVERSION = YES;
				CLANG_WARN_DIRECT_OBJC_ISA_USAGE = YES_ERROR;
				CLANG_WARN_EMPTY_BODY = YES;
				CLANG_WARN_ENUM_CONVERSION = YES;
				CLANG_WARN_INT_CONVERSION = YES;
				CLANG_WARN_OBJC_ROOT_CLASS = YES_ERROR;
				CLANG_WARN_UNREACHABLE_CODE = YES;
				CLANG_WARN__DUPLICATE_METHOD_MATCH = YES;
				CODE_SIGN_IDENTITY = "-";
				COPY_PHASE_STRIP = NO;
				DEBUG_INFORMATION_FORMAT = "dwarf-with-dsym";
				ENABLE_NS_ASSERTIONS = NO;
				ENABLE_STRICT_OBJC_MSGSEND = YES;
				GCC_C_LANGUAGE_STANDARD = gnu99;
				GCC_NO_COMMON_BLOCKS = YES;
				GCC_WARN_64_TO_32_BIT_CONVERSION = YES;
				GCC_WARN_ABOUT_RETURN_TYPE = YES_ERROR;
				GCC_WARN_UNDECLARED_SELECTOR = YES;
				GCC_WARN_UNINITIALIZED_AUTOS = YES_AGGRESSIVE;
				GCC_WARN_UNUSED_FUNCTION = YES;
				GCC_WARN_UNUSED_VARIABLE = YES;
				MACOSX_DEPLOYMENT_TARGET = 10.11;
				MTL_ENABLE_DEBUG_INFO = NO;
				SDKROOT = macosx;
			};
			name = Release;
		};
		9561ACA21C62C455002A4BC6 /* Debug */ = {
			isa = XCBuildConfiguration;
			buildSettings = {
				ASSETCATALOG_COMPILER_APPICON_NAME = AppIcon;
				CODE_SIGN_IDENTITY = "";
				COMBINE_HIDPI_IMAGES = YES;
				FRAMEWORK_SEARCH_PATHS = (
					"$(inherited)",
					"$(PROJECT_DIR)/MapboxDemo",
				);
				INFOPLIST_FILE = MapboxDemo/Info.plist;
				LD_RUNPATH_SEARCH_PATHS = "$(inherited) @executable_path/../Frameworks";
				MACOSX_DEPLOYMENT_TARGET = 10.10;
				PRODUCT_BUNDLE_IDENTIFIER = com.matteopacini.MapboxDemo;
				PRODUCT_NAME = "$(TARGET_NAME)";
			};
			name = Debug;
		};
		9561ACA31C62C455002A4BC6 /* Release */ = {
			isa = XCBuildConfiguration;
			buildSettings = {
				ASSETCATALOG_COMPILER_APPICON_NAME = AppIcon;
				CODE_SIGN_IDENTITY = "";
				COMBINE_HIDPI_IMAGES = YES;
				FRAMEWORK_SEARCH_PATHS = (
					"$(inherited)",
					"$(PROJECT_DIR)/MapboxDemo",
				);
				INFOPLIST_FILE = MapboxDemo/Info.plist;
				LD_RUNPATH_SEARCH_PATHS = "$(inherited) @executable_path/../Frameworks";
				MACOSX_DEPLOYMENT_TARGET = 10.10;
				PRODUCT_BUNDLE_IDENTIFIER = com.matteopacini.MapboxDemo;
				PRODUCT_NAME = "$(TARGET_NAME)";
			};
			name = Release;
		};
/* End XCBuildConfiguration section */

/* Begin XCConfigurationList section */
		9561AC881C62C455002A4BC6 /* Build configuration list for PBXProject "MapboxDemo" */ = {
			isa = XCConfigurationList;
			buildConfigurations = (
				9561AC9F1C62C455002A4BC6 /* Debug */,
				9561ACA01C62C455002A4BC6 /* Release */,
			);
			defaultConfigurationIsVisible = 0;
			defaultConfigurationName = Release;
		};
		9561ACA11C62C455002A4BC6 /* Build configuration list for PBXNativeTarget "MapboxDemo" */ = {
			isa = XCConfigurationList;
			buildConfigurations = (
				9561ACA21C62C455002A4BC6 /* Debug */,
				9561ACA31C62C455002A4BC6 /* Release */,
			);
			defaultConfigurationIsVisible = 0;
			defaultConfigurationName = Release;
		};
/* End XCConfigurationList section */
	};
	rootObject = 9561AC851C62C455002A4BC6 /* Project object */;
}
